
Microsoft Visual Studio Solution File, Format Version 12.00
# Visual Studio Version 17
VisualStudioVersion = 17.8.34525.116
MinimumVisualStudioVersion = 10.0.40219.1
Project("{FAE04EC0-301F-11D3-BF4B-00C04F79EFBC}") = "Ej1", "Ej1\Ej1.csproj", "{C49450B1-7AA8-4D3C-AEBD-B671644D1A01}"
EndProject
Global
	GlobalSection(SolutionConfigurationPlatforms) = preSolution
		Debug|Any CPU = Debug|Any CPU
		Release|Any CPU = Release|Any CPU
	EndGlobalSection
	GlobalSection(ProjectConfigurationPlatforms) = postSolution
		{C49450B1-7AA8-4D3C-AEBD-B671644D1A01}.Debug|Any CPU.ActiveCfg = Debug|Any CPU
		{C49450B1-7AA8-4D3C-AEBD-B671644D1A01}.Debug|Any CPU.Build.0 = Debug|Any CPU
		{C49450B1-7AA8-4D3C-AEBD-B671644D1A01}.Release|Any CPU.ActiveCfg = Release|Any CPU
		{C49450B1-7AA8-4D3C-AEBD-B671644D1A01}.Release|Any CPU.Build.0 = Release|Any CPU
	EndGlobalSection
	GlobalSection(SolutionProperties) = preSolution
		HideSolutionNode = FALSE
	EndGlobalSection
	GlobalSection(ExtensibilityGlobals) = postSolution
		SolutionGuid = {BF51A2F5-5488-4506-87D8-A4D4063B5C05}
	EndGlobalSection
EndGlobal
